{
  "name": "how-to-version-github-actions",
  "version": "1.0.1",
  "lockfileVersion": 3,
  "requires": true,
  "packages": {
    "": {
      "name": "how-to-version-github-actions",
      "version": "1.0.1",
      "license": "ISC",
      "dependencies": {
        "mswebco": "^1.0.7"
      }
    },
    "node_modules/@bdsqqq/try": {
      "version": "2.3.1",
      "resolved": "https://registry.npmjs.org/@bdsqqq/try/-/try-2.3.1.tgz",
      "integrity": "sha512-P3HbUpmXW/99xGD26xl4eMVmne3NZ1C4sQ8u17YPkWRW34RoNHjbRdHwgxKmszqTm/4Ah7zVdf1XQ5d+QYUzlg=="
    },
    "node_modules/@clack/core": {
      "version": "0.3.2",
      "resolved": "https://registry.npmjs.org/@clack/core/-/core-0.3.2.tgz",
      "integrity": "sha512-FZnsNynwGDIDktx6PEZK1EuCkFpY4ldEX6VYvfl0dqeoLPb9Jpw1xoUXaVcGR8ExmYNm1w2vdGdJkEUYD/2pqg==",
      "dependencies": {
        "picocolors": "^1.0.0",
        "sisteransi": "^1.0.5"
      }
    },
    "node_modules/@clack/prompts": {
      "version": "0.6.3",
      "resolved": "https://registry.npmjs.org/@clack/prompts/-/prompts-0.6.3.tgz",
      "integrity": "sha512-AM+kFmAHawpUQv2q9+mcB6jLKxXGjgu/r2EQjEwujgpCdzrST6BJqYw00GRn56/L/Izw5U7ImoLmy00X/r80Pw==",
      "bundleDependencies": [
        "is-unicode-supported"
      ],
      "dependencies": {
        "@clack/core": "^0.3.2",
        "is-unicode-supported": "*",
        "picocolors": "^1.0.0",
        "sisteransi": "^1.0.5"
      }
    },
    "node_modules/@clack/prompts/node_modules/is-unicode-supported": {
      "version": "1.3.0",
      "inBundle": true,
      "license": "MIT",
      "engines": {
        "node": ">=12"
      },
      "funding": {
        "url": "https://github.com/sponsors/sindresorhus"
      }
    },
    "node_modules/mswebco": {
      "version": "1.0.7",
      "resolved": "https://registry.npmjs.org/mswebco/-/mswebco-1.0.7.tgz",
      "integrity": "sha512-JVXy5miUCrWVdyN35kL/Yl4ngFbn8NO/Gz/mXe6f1BQYbDgIdHW0veamS+tVcaiHPdGZj0R7dhCbGRyDOtqRfA==",
      "dependencies": {
        "@bdsqqq/try": "^2.3.1",
        "@clack/prompts": "^0.6.1",
        "picocolors": "^1.0.0"
      },
      "bin": {
        "mswebco": "src/bin.js"
      }
    },
    "node_modules/picocolors": {
      "version": "1.0.0",
      "resolved": "https://registry.npmjs.org/picocolors/-/picocolors-1.0.0.tgz",
      "integrity": "sha512-1fygroTLlHu66zi26VoTDv8yRgm0Fccecssto+MhsZ0D/DGW2sm8E8AjW7NU5VVTRt5GxbeZ5qBuJr+HyLYkjQ=="
    },
    "node_modules/sisteransi": {
      "version": "1.0.5",
      "resolved": "https://registry.npmjs.org/sisteransi/-/sisteransi-1.0.5.tgz",
      "integrity": "sha512-bLGGlR1QxBcynn2d5YmDX4MGjlZvy2MRBDRNHLJ8VI6l6+9FUiyTFNJ0IveOSP0bcXgVDPRcfGqA0pjaqUpfVg=="
    }
  }
}
